
Microsoft Visual Studio Solution File, Format Version 12.00
# Visual Studio Version 17
VisualStudioVersion = 17.4.33213.308
MinimumVisualStudioVersion = 10.0.40219.1
Project("{FAE04EC0-301F-11D3-BF4B-00C04F79EFBC}") = "AnimeListe", "AnimeListe.csproj", "{4DEF8B4D-F50D-43E6-A633-6EF32522C5FD}"
EndProject
Global
	GlobalSection(SolutionConfigurationPlatforms) = preSolution
		Debug|Any CPU = Debug|Any CPU
		Release|Any CPU = Release|Any CPU
	EndGlobalSection
	GlobalSection(ProjectConfigurationPlatforms) = postSolution
		{4DEF8B4D-F50D-43E6-A633-6EF32522C5FD}.Debug|Any CPU.ActiveCfg = Debug|Any CPU
		{4DEF8B4D-F50D-43E6-A633-6EF32522C5FD}.Debug|Any CPU.Build.0 = Debug|Any CPU
		{4DEF8B4D-F50D-43E6-A633-6EF32522C5FD}.Release|Any CPU.ActiveCfg = Release|Any CPU
		{4DEF8B4D-F50D-43E6-A633-6EF32522C5FD}.Release|Any CPU.Build.0 = Release|Any CPU
	EndGlobalSection
	GlobalSection(SolutionProperties) = preSolution
		HideSolutionNode = FALSE
	EndGlobalSection
	GlobalSection(ExtensibilityGlobals) = postSolution
		SolutionGuid = {752D3A15-F6B0-4F71-9CD1-8B8B50F31DAA}
	EndGlobalSection
EndGlobal
